
Microsoft Visual Studio Solution File, Format Version 12.00
# Visual Studio Version 16
VisualStudioVersion = 16.0.29123.88
MinimumVisualStudioVersion = 10.0.40219.1
Project("{8BC9CEB8-8B4A-11D0-8D11-00A0C91BC942}") = "Span", "Span\Span.vcxproj", "{6368EBF9-0694-4B2D-8A0E-B4D35786F029}"
EndProject
Project("{8BC9CEB8-8B4A-11D0-8D11-00A0C91BC942}") = "span_test", "span_test\span_test.vcxproj", "{6CA06F4E-2032-48CE-84F5-6A395C56FDFB}"
EndProject
Global
	GlobalSection(SolutionConfigurationPlatforms) = preSolution
		Debug|x64 = Debug|x64
		Debug|x86 = Debug|x86
		Release|x64 = Release|x64
		Release|x86 = Release|x86
	EndGlobalSection
	GlobalSection(ProjectConfigurationPlatforms) = postSolution
		{6368EBF9-0694-4B2D-8A0E-B4D35786F029}.Debug|x64.ActiveCfg = Debug|x64
		{6368EBF9-0694-4B2D-8A0E-B4D35786F029}.Debug|x64.Build.0 = Debug|x64
		{6368EBF9-0694-4B2D-8A0E-B4D35786F029}.Debug|x86.ActiveCfg = Debug|Win32
		{6368EBF9-0694-4B2D-8A0E-B4D35786F029}.Debug|x86.Build.0 = Debug|Win32
		{6368EBF9-0694-4B2D-8A0E-B4D35786F029}.Release|x64.ActiveCfg = Release|x64
		{6368EBF9-0694-4B2D-8A0E-B4D35786F029}.Release|x64.Build.0 = Release|x64
		{6368EBF9-0694-4B2D-8A0E-B4D35786F029}.Release|x86.ActiveCfg = Release|Win32
		{6368EBF9-0694-4B2D-8A0E-B4D35786F029}.Release|x86.Build.0 = Release|Win32
		{6CA06F4E-2032-48CE-84F5-6A395C56FDFB}.Debug|x64.ActiveCfg = Debug|x64
		{6CA06F4E-2032-48CE-84F5-6A395C56FDFB}.Debug|x64.Build.0 = Debug|x64
		{6CA06F4E-2032-48CE-84F5-6A395C56FDFB}.Debug|x86.ActiveCfg = Debug|Win32
		{6CA06F4E-2032-48CE-84F5-6A395C56FDFB}.Debug|x86.Build.0 = Debug|Win32
		{6CA06F4E-2032-48CE-84F5-6A395C56FDFB}.Release|x64.ActiveCfg = Release|x64
		{6CA06F4E-2032-48CE-84F5-6A395C56FDFB}.Release|x64.Build.0 = Release|x64
		{6CA06F4E-2032-48CE-84F5-6A395C56FDFB}.Release|x86.ActiveCfg = Release|Win32
		{6CA06F4E-2032-48CE-84F5-6A395C56FDFB}.Release|x86.Build.0 = Release|Win32
	EndGlobalSection
	GlobalSection(SolutionProperties) = preSolution
		HideSolutionNode = FALSE
	EndGlobalSection
	GlobalSection(ExtensibilityGlobals) = postSolution
		SolutionGuid = {50E62321-D9D9-46EB-A16A-1DE6C625A7D8}
	EndGlobalSection
EndGlobal
